{
  "nodes": {
    "blender-bin": {
      "inputs": {
        "nixpkgs": [
          "nixpkgs"
        ]
      },
      "locked": {
        "dir": "blender-bin",
        "lastModified": 1779757106,
        "narHash": "sha256-evJx9bML6cRUeKpSj89fTsEudMtHVMI/lQebf8GvxZM=",
        "owner": "ShadowRZ",
        "repo": "nix-kotone",
        "rev": "2ad6811cd8da60828fab1bdd1c392aa5347a88ec",
        "type": "github"
      },
      "original": {
        "dir": "blender-bin",
        "owner": "ShadowRZ",
        "repo": "nix-kotone",
        "type": "github"
      }
    },
    "catppuccin-nix": {
      "inputs": {
        "nixpkgs": [
          "nixpkgs"
        ]
      },
      "locked": {
        "lastModified": 1780650205,
        "narHash": "sha256-FYgqDufUWHbY+ne5z/OTBUCCeLGPJ5sA6d+Fa5aKKxo=",
        "owner": "catppuccin",
        "repo": "nix",
        "rev": "fd265813d18cc39bc0d27750c47a09766a535162",
        "type": "github"
      },
      "original": {
        "owner": "catppuccin",
        "repo": "nix",
        "type": "github"
      }
    },
    "crane": {
      "locked": {
        "lastModified": 1780532242,
        "narHash": "sha256-D+BsdpxmtUwtqGoY0IXPhHgTlmqgcZKCEo1oMyn7ep0=",
        "owner": "ipetkov",
        "repo": "crane",
        "rev": "59a82a1222dd3b2080b5cc52a1a2e8d5f1b77f37",
        "type": "github"
      },
      "original": {
        "owner": "ipetkov",
        "repo": "crane",
        "type": "github"
      }
    },
    "disko": {
      "inputs": {
        "nixpkgs": []
      },
      "locked": {
        "lastModified": 1780290312,
        "narHash": "sha256-eTAlX0CwgB84Ts3GaBd944A3DRXVMzgA0EqroZBISUo=",
        "owner": "nix-community",
        "repo": "disko",
        "rev": "115e5211780054d8a890b41f0b7734cafad54dfe",
        "type": "github"
      },
      "original": {
        "owner": "nix-community",
        "repo": "disko",
        "type": "github"
      }
    },
    "emacs-overlay": {
      "inputs": {
        "nixpkgs": [],
        "nixpkgs-stable": []
      },
      "locked": {
        "lastModified": 1780719072,
        "narHash": "sha256-DEkYHktuUdfczbkUdsC51Wo8awTnY97I2glAi/EJz1w=",
        "owner": "nix-community",
        "repo": "emacs-overlay",
        "rev": "b8e282a36872823a454ff065298f055da5ca711b",
        "type": "github"
      },
      "original": {
        "owner": "nix-community",
        "repo": "emacs-overlay",
        "type": "github"
      }
    },
    "firefox-addons": {
      "inputs": {
        "nixpkgs": []
      },
      "locked": {
        "dir": "pkgs/firefox-addons",
        "lastModified": 1780718579,
        "narHash": "sha256-pgxi4I3xTxDkcCuz+PcW9sX4VJC8SONUnr+3HPG3BQw=",
        "owner": "rycee",
        "repo": "nur-expressions",
        "rev": "745103b4d9400466193083a26b4f40258dc05250",
        "type": "gitlab"
      },
      "original": {
        "dir": "pkgs/firefox-addons",
        "owner": "rycee",
        "repo": "nur-expressions",
        "type": "gitlab"
      }
    },
    "flake-parts": {
      "inputs": {
        "nixpkgs-lib": [
          "nixpkgs"
        ]
      },
      "locked": {
        "lastModified": 1778716662,
        "narHash": "sha256-m1Yf0wZ8j1OHjTc2UwHwyQRSnNeSgLJOd7q5Y45hzi4=",
        "owner": "hercules-ci",
        "repo": "flake-parts",
        "rev": "f7c1a2d347e4c52d5fb8d10cb4d94b5884e546fb",
        "type": "github"
      },
      "original": {
        "owner": "hercules-ci",
        "repo": "flake-parts",
        "type": "github"
      }
    },
    "home-manager": {
      "inputs": {
        "nixpkgs": []
      },
      "locked": {
        "lastModified": 1780679734,
        "narHash": "sha256-KmRNvpNOb7QEORa06bVgjW9kITcx0VhsI7w0vhmZyD8=",
        "owner": "nix-community",
        "repo": "home-manager",
        "rev": "b2b7db486e06e098711dc291bb25db82850e1d16",
        "type": "github"
      },
      "original": {
        "owner": "nix-community",
        "repo": "home-manager",
        "type": "github"
      }
    },
    "import-tree": {
      "locked": {
        "lastModified": 1778781969,
        "narHash": "sha256-Jjuz5CmSkur8KvLDoGa+vylEp+RkQtv4mt/qcMznpH0=",
        "owner": "vic",
        "repo": "import-tree",
        "rev": "d321337efd0f23a9eb14a42adb7b2c29313ab274",
        "type": "github"
      },
      "original": {
        "owner": "vic",
        "repo": "import-tree",
        "type": "github"
      }
    },
    "lanzaboote": {
      "inputs": {
        "crane": [
          "crane"
        ],
        "nixpkgs": [
          "nixpkgs"
        ],
        "pre-commit": [],
        "rust-overlay": [
          "rust-overlay"
        ]
      },
      "locked": {
        "lastModified": 1780574905,
        "narHash": "sha256-2YH74Fj5+/gc94qW7ZMN0YF3sMhf2BFB5NBaJgDsugo=",
        "owner": "nix-community",
        "repo": "lanzaboote",
        "rev": "e780b8e19d405b6906d759d270bbc125d221e81a",
        "type": "github"
      },
      "original": {
        "owner": "nix-community",
        "repo": "lanzaboote",
        "type": "github"
      }
    },
    "neovim-overlay": {
      "inputs": {
        "flake-parts": [
          "flake-parts"
        ],
        "neovim-src": "neovim-src",
        "nixpkgs": [
          "nixpkgs"
        ]
      },
      "locked": {
        "lastModified": 1780704294,
        "narHash": "sha256-CUlHqDFagpj2VJLXvJm6Hxt95U/wRykArXdozo0Nzuw=",
        "owner": "nix-community",
        "repo": "neovim-nightly-overlay",
        "rev": "6dde6e3479de03266e8b2f2bd650b76dfb442d74",
        "type": "github"
      },
      "original": {
        "owner": "nix-community",
        "repo": "neovim-nightly-overlay",
        "type": "github"
      }
    },
    "neovim-src": {
      "flake": false,
      "locked": {
        "lastModified": 1780655827,
        "narHash": "sha256-fg/lR+Q4z/6DLR5mWlh5r131hEeVdhirjhDH6xqafTQ=",
        "owner": "neovim",
        "repo": "neovim",
        "rev": "11b9e6f193454fbdf2c48b2771ada478b5da26d7",
        "type": "github"
      },
      "original": {
        "owner": "neovim",
        "repo": "neovim",
        "type": "github"
      }
    },
    "niri": {
      "inputs": {
        "nixpkgs": [
          "nixpkgs"
        ],
        "rust-overlay": []
      },
      "locked": {
        "lastModified": 1780637332,
        "narHash": "sha256-FeKyLRxLZu2EUnhifijZPDZRl0sVnPVHMtizAINNiN4=",
        "owner": "niri-wm",
        "repo": "niri",
        "rev": "f717ae030fe56fc52522ebef69f17f3f09064ac4",
        "type": "github"
      },
      "original": {
        "owner": "niri-wm",
        "repo": "niri",
        "type": "github"
      }
    },
    "nix-indexdb": {
      "inputs": {
        "nixpkgs": []
      },
      "locked": {
        "lastModified": 1780210899,
        "narHash": "sha256-4axz3OBPTKa6LIkXV8n0lc63MQU+et2CB5DGobEAi6k=",
        "owner": "nix-community",
        "repo": "nix-index-database",
        "rev": "97df9dc0b7c924344b793a15c1e8e4522ebb854e",
        "type": "github"
      },
      "original": {
        "owner": "nix-community",
        "repo": "nix-index-database",
        "type": "github"
      }
    },
    "nix-on-droid": {
      "inputs": {
        "home-manager": [
          "home-manager"
        ],
        "nix-formatter-pack": [],
        "nixpkgs": [
          "nixpkgs"
        ],
        "nixpkgs-docs": [],
        "nixpkgs-for-bootstrap": [],
        "nmd": []
      },
      "locked": {
        "lastModified": 1765031149,
        "narHash": "sha256-4ZtlnCp4blhsjGnQIxAXDAj7nCJKy7tozoBRtklmwcU=",
        "owner": "nix-community",
        "repo": "nix-on-droid",
        "rev": "55b6449b4582a4ba3ce712543c973360a026db7d",
        "type": "github"
      },
      "original": {
        "owner": "nix-community",
        "repo": "nix-on-droid",
        "type": "github"
      }
    },
    "nixos-sensible": {
      "locked": {
        "lastModified": 1711451092,
        "narHash": "sha256-17X9t5IL4cerDvoympJPIkECVG/L/yaGr+Ic3kBBYdE=",
        "owner": "Guanran928",
        "repo": "nixos-sensible",
        "rev": "23a6d9d6d5dfb2c2b89b413d900e9a4456d2c28f",
        "type": "github"
      },
      "original": {
        "owner": "Guanran928",
        "repo": "nixos-sensible",
        "type": "github"
      }
    },
    "nixpkgs": {
      "locked": {
        "lastModified": 1780664956,
        "narHash": "sha256-ic8gONf/zUn5iMYGdIF96znQtFAFDy+yS7HWXcVnUtI=",
        "owner": "NixOS",
        "repo": "nixpkgs",
        "rev": "ab5f04b8865f90ade7af23138f912658884d41ae",
        "type": "github"
      },
      "original": {
        "owner": "NixOS",
        "ref": "nixos-unstable-small",
        "repo": "nixpkgs",
        "type": "github"
      }
    },
    "nixvim": {
      "inputs": {
        "flake-parts": [
          "flake-parts"
        ],
        "nixpkgs": [
          "nixpkgs"
        ],
        "systems": [
          "systems"
        ]
      },
      "locked": {
        "lastModified": 1780646548,
        "narHash": "sha256-Ckyl/l1XBmEwnaHcHD8PvBZk1uph0NqwbJ//CAvB7iE=",
        "owner": "nix-community",
        "repo": "nixvim",
        "rev": "816a15282e58678dde831477964987d0262d4293",
        "type": "github"
      },
      "original": {
        "owner": "nix-community",
        "repo": "nixvim",
        "type": "github"
      }
    },
    "noctalia-shell": {
      "inputs": {
        "nixpkgs": [
          "nixpkgs"
        ]
      },
      "locked": {
        "lastModified": 1780727628,
        "narHash": "sha256-iaiG4J3d2FfXLBx83cSBWzmDLwzGixdD1L8DNPoIdSQ=",
        "owner": "noctalia-dev",
        "repo": "noctalia-shell",
        "rev": "a3a874ebc989a759b27bb7807b96e574eb28a0bc",
        "type": "github"
      },
      "original": {
        "owner": "noctalia-dev",
        "ref": "v5",
        "repo": "noctalia-shell",
        "type": "github"
      }
    },
    "preservation": {
      "locked": {
        "lastModified": 1757436102,
        "narHash": "sha256-mMI9IanU+Xw+pVogD2oT0I2kTmvz2Un/Apc5+CwUpEY=",
        "owner": "nix-community",
        "repo": "preservation",
        "rev": "93416f4614ad2dfed5b0dcf12f27e57d27a5ab11",
        "type": "github"
      },
      "original": {
        "owner": "nix-community",
        "repo": "preservation",
        "type": "github"
      }
    },
    "root": {
      "inputs": {
        "blender-bin": "blender-bin",
        "catppuccin-nix": "catppuccin-nix",
        "crane": "crane",
        "disko": "disko",
        "emacs-overlay": "emacs-overlay",
        "firefox-addons": "firefox-addons",
        "flake-parts": "flake-parts",
        "home-manager": "home-manager",
        "import-tree": "import-tree",
        "lanzaboote": "lanzaboote",
        "neovim-overlay": "neovim-overlay",
        "niri": "niri",
        "nix-indexdb": "nix-indexdb",
        "nix-on-droid": "nix-on-droid",
        "nixos-sensible": "nixos-sensible",
        "nixpkgs": "nixpkgs",
        "nixvim": "nixvim",
        "noctalia-shell": "noctalia-shell",
        "preservation": "preservation",
        "rust-overlay": "rust-overlay",
        "shadowrz": "shadowrz",
        "silent-sddm": "silent-sddm",
        "sops-nix": "sops-nix",
        "systems": "systems",
        "treefmt-nix": "treefmt-nix"
      }
    },
    "rust-overlay": {
      "inputs": {
        "nixpkgs": []
      },
      "locked": {
        "lastModified": 1780715792,
        "narHash": "sha256-4+8gPeiPeud89mjo865RwpqmKwa1MThRsq2SvRxo7mg=",
        "owner": "oxalica",
        "repo": "rust-overlay",
        "rev": "27b7e78c6935293ee868469cc4172e9b8b17823b",
        "type": "github"
      },
      "original": {
        "owner": "oxalica",
        "repo": "rust-overlay",
        "type": "github"
      }
    },
    "shadowrz": {
      "inputs": {
        "nixpkgs": []
      },
      "locked": {
        "lastModified": 1775624388,
        "narHash": "sha256-US9vI5/BCBeidzix/ZDmnagHo4CSPcCoN/xIM7w6zLQ=",
        "owner": "ShadowRZ",
        "repo": "nur-packages",
        "rev": "36f56ae867b931dd59f881c71dc46f96db19ec85",
        "type": "github"
      },
      "original": {
        "owner": "ShadowRZ",
        "repo": "nur-packages",
        "type": "github"
      }
    },
    "silent-sddm": {
      "inputs": {
        "nixpkgs": [
          "nixpkgs"
        ]
      },
      "locked": {
        "lastModified": 1780180566,
        "narHash": "sha256-tfXlfIFWY+E/izmRb9Qd3to3guxhyIh9HyZAoTKqa9k=",
        "owner": "uiriansan",
        "repo": "SilentSDDM",
        "rev": "0828621769acaa26ef131ed96255c7bd06038111",
        "type": "github"
      },
      "original": {
        "owner": "uiriansan",
        "repo": "SilentSDDM",
        "type": "github"
      }
    },
    "sops-nix": {
      "inputs": {
        "nixpkgs": []
      },
      "locked": {
        "lastModified": 1780547341,
        "narHash": "sha256-Gq8KNx5A7hBB3uGJaj6eQfLDIz5YdLu92gqBcvHvoUo=",
        "owner": "Mic92",
        "repo": "sops-nix",
        "rev": "9ed65852b6257fbeae4355bc24ecfea307ca759a",
        "type": "github"
      },
      "original": {
        "owner": "Mic92",
        "repo": "sops-nix",
        "type": "github"
      }
    },
    "systems": {
      "locked": {
        "lastModified": 1681028828,
        "narHash": "sha256-Vy1rq5AaRuLzOxct8nz4T6wlgyUR7zLU309k9mBC768=",
        "owner": "nix-systems",
        "repo": "default",
        "rev": "da67096a3b9bf56a91d16901293e51ba5b49a27e",
        "type": "github"
      },
      "original": {
        "owner": "nix-systems",
        "repo": "default",
        "type": "github"
      }
    },
    "treefmt-nix": {
      "inputs": {
        "nixpkgs": []
      },
      "locked": {
        "lastModified": 1780220602,
        "narHash": "sha256-eynAfOmbmxJnkp7YewvCEbShNnnYJ9gLLqkzsYtBPeM=",
        "owner": "numtide",
        "repo": "treefmt-nix",
        "rev": "db947814a175b7ca6ded66e21383d938df01c227",
        "type": "github"
      },
      "original": {
        "owner": "numtide",
        "repo": "treefmt-nix",
        "type": "github"
      }
    }
  },
  "root": "root",
  "version": 7
}
