{
  "nodes": {
    "blender-bin": {
      "inputs": {
        "nixpkgs": [
          "nixpkgs"
        ]
      },
      "locked": {
        "dir": "blender",
        "lastModified": 1766785730,
        "narHash": "sha256-R0SImlpvVtp4gBCjWtrjyWlir2vMEs03XdVBJtsryUU=",
        "owner": "edolstra",
        "repo": "nix-warez",
        "rev": "32a73188c4026cea3f8ed97078ace45bf9f7f578",
        "type": "github"
      },
      "original": {
        "dir": "blender",
        "owner": "edolstra",
        "repo": "nix-warez",
        "type": "github"
      }
    },
    "catppuccin-nix": {
      "inputs": {
        "nixpkgs": [
          "nixpkgs"
        ]
      },
      "locked": {
        "lastModified": 1773403535,
        "narHash": "sha256-47MZaFrHxNO8tVUAmtVnerXUw2WWVluBOiU9MulN/yM=",
        "owner": "catppuccin",
        "repo": "nix",
        "rev": "d45b5665cc638bad1b794350de02f4dd41b0bb47",
        "type": "github"
      },
      "original": {
        "owner": "catppuccin",
        "repo": "nix",
        "type": "github"
      }
    },
    "crane": {
      "locked": {
        "lastModified": 1773857772,
        "narHash": "sha256-5xsK26KRHf0WytBtsBnQYC/lTWDhQuT57HJ7SzuqZcM=",
        "owner": "ipetkov",
        "repo": "crane",
        "rev": "b556d7bbae5ff86e378451511873dfd07e4504cd",
        "type": "github"
      },
      "original": {
        "owner": "ipetkov",
        "repo": "crane",
        "type": "github"
      }
    },
    "disko": {
      "inputs": {
        "nixpkgs": []
      },
      "locked": {
        "lastModified": 1773889306,
        "narHash": "sha256-PAqwnsBSI9SVC2QugvQ3xeYCB0otOwCacB1ueQj2tgw=",
        "owner": "nix-community",
        "repo": "disko",
        "rev": "5ad85c82cc52264f4beddc934ba57f3789f28347",
        "type": "github"
      },
      "original": {
        "owner": "nix-community",
        "repo": "disko",
        "type": "github"
      }
    },
    "emacs-overlay": {
      "inputs": {
        "nixpkgs": [],
        "nixpkgs-stable": []
      },
      "locked": {
        "lastModified": 1773939544,
        "narHash": "sha256-58P3tSuJFaO8W73KAXWIOX1YQkqHz8quDvTgIt9NmqA=",
        "owner": "nix-community",
        "repo": "emacs-overlay",
        "rev": "698ab27553fb6d1da8c32808e0a3ebf5ae95575f",
        "type": "github"
      },
      "original": {
        "owner": "nix-community",
        "repo": "emacs-overlay",
        "type": "github"
      }
    },
    "firefox-addons-nix": {
      "inputs": {
        "flake-utils": [],
        "nixpkgs": [
          "nixpkgs"
        ]
      },
      "locked": {
        "lastModified": 1773968967,
        "narHash": "sha256-vn0sQum1Y9oDjMG618Izfc8MTzZ0HAGVM+wNuPAO9Ow=",
        "owner": "petrkozorezov",
        "repo": "firefox-addons-nix",
        "rev": "66051381b44b74b9cc063b1321377f37433b5263",
        "type": "github"
      },
      "original": {
        "owner": "petrkozorezov",
        "repo": "firefox-addons-nix",
        "type": "github"
      }
    },
    "flake-parts": {
      "inputs": {
        "nixpkgs-lib": [
          "hanekokoro-flake",
          "nixpkgs"
        ]
      },
      "locked": {
        "lastModified": 1772408722,
        "narHash": "sha256-rHuJtdcOjK7rAHpHphUb1iCvgkU3GpfvicLMwwnfMT0=",
        "owner": "hercules-ci",
        "repo": "flake-parts",
        "rev": "f20dc5d9b8027381c474144ecabc9034d6a839a3",
        "type": "github"
      },
      "original": {
        "owner": "hercules-ci",
        "repo": "flake-parts",
        "type": "github"
      }
    },
    "hanekokoro-flake": {
      "inputs": {
        "flake-parts": "flake-parts",
        "nixpkgs": "nixpkgs"
      },
      "locked": {
        "path": "../.",
        "type": "path"
      },
      "original": {
        "path": "../.",
        "type": "path"
      },
      "parent": []
    },
    "home-manager": {
      "inputs": {
        "nixpkgs": []
      },
      "locked": {
        "lastModified": 1773962693,
        "narHash": "sha256-nf9pgktDE4E2TCavUT1vh3Nd/tfKixL1BK6P32Zp3hI=",
        "owner": "nix-community",
        "repo": "home-manager",
        "rev": "9d3c1d636e7b8ab10f357cd9bee653cd400437de",
        "type": "github"
      },
      "original": {
        "owner": "nix-community",
        "repo": "home-manager",
        "type": "github"
      }
    },
    "lanzaboote": {
      "inputs": {
        "crane": [
          "crane"
        ],
        "nixpkgs": [
          "nixpkgs"
        ],
        "pre-commit": [],
        "rust-overlay": [
          "rust-overlay"
        ]
      },
      "locked": {
        "lastModified": 1773344150,
        "narHash": "sha256-JSsXufJy2zdg5XS5pRGlkwF1dqN+sWPmCgrvJsnhEzg=",
        "owner": "nix-community",
        "repo": "lanzaboote",
        "rev": "d21013305ef39e1d9d2d06b161c3785ffad82281",
        "type": "github"
      },
      "original": {
        "owner": "nix-community",
        "repo": "lanzaboote",
        "type": "github"
      }
    },
    "neovim-overlay": {
      "inputs": {
        "flake-parts": [
          "flake-parts"
        ],
        "neovim-src": "neovim-src",
        "nixpkgs": [
          "nixpkgs"
        ]
      },
      "locked": {
        "lastModified": 1773965157,
        "narHash": "sha256-u6Ceko/AQ30asd/P68Y7gD0x3LtsjiPwC31TlwVnsac=",
        "owner": "nix-community",
        "repo": "neovim-nightly-overlay",
        "rev": "7e711c5abd3b0ca9c0038606edeee6bcf09b055c",
        "type": "github"
      },
      "original": {
        "owner": "nix-community",
        "repo": "neovim-nightly-overlay",
        "type": "github"
      }
    },
    "neovim-src": {
      "flake": false,
      "locked": {
        "lastModified": 1773942472,
        "narHash": "sha256-VRtGTA4WWgrVrjZg+XrnRgMcbAa0EkYkWV5Wcn76/0g=",
        "owner": "neovim",
        "repo": "neovim",
        "rev": "06befe1e348bf540bb04a8c0cafe116616e71715",
        "type": "github"
      },
      "original": {
        "owner": "neovim",
        "repo": "neovim",
        "type": "github"
      }
    },
    "nix-indexdb": {
      "inputs": {
        "nixpkgs": []
      },
      "locked": {
        "lastModified": 1773552174,
        "narHash": "sha256-mHSRNrT1rjeYBgkAlj07dW3+1nFEgAd8Gu6lgyfT9DU=",
        "owner": "nix-community",
        "repo": "nix-index-database",
        "rev": "8faeb68130df077450451b6734a221ba0d6cde42",
        "type": "github"
      },
      "original": {
        "owner": "nix-community",
        "repo": "nix-index-database",
        "type": "github"
      }
    },
    "nixos-sensible": {
      "locked": {
        "lastModified": 1711451092,
        "narHash": "sha256-17X9t5IL4cerDvoympJPIkECVG/L/yaGr+Ic3kBBYdE=",
        "owner": "Guanran928",
        "repo": "nixos-sensible",
        "rev": "23a6d9d6d5dfb2c2b89b413d900e9a4456d2c28f",
        "type": "github"
      },
      "original": {
        "owner": "Guanran928",
        "repo": "nixos-sensible",
        "type": "github"
      }
    },
    "nixpkgs": {
      "locked": {
        "lastModified": 1773907119,
        "narHash": "sha256-xwDXh9uEMUbTQ3bcQEFRVLNVpYPKuzb9TcnDVbe45uQ=",
        "owner": "NixOS",
        "repo": "nixpkgs",
        "rev": "3c0730b8b60607525c36af3e58226f2038077ae9",
        "type": "github"
      },
      "original": {
        "owner": "NixOS",
        "ref": "nixos-unstable-small",
        "repo": "nixpkgs",
        "type": "github"
      }
    },
    "preservation": {
      "locked": {
        "lastModified": 1757436102,
        "narHash": "sha256-mMI9IanU+Xw+pVogD2oT0I2kTmvz2Un/Apc5+CwUpEY=",
        "owner": "nix-community",
        "repo": "preservation",
        "rev": "93416f4614ad2dfed5b0dcf12f27e57d27a5ab11",
        "type": "github"
      },
      "original": {
        "owner": "nix-community",
        "repo": "preservation",
        "type": "github"
      }
    },
    "root": {
      "inputs": {
        "blender-bin": "blender-bin",
        "catppuccin-nix": "catppuccin-nix",
        "crane": "crane",
        "disko": "disko",
        "emacs-overlay": "emacs-overlay",
        "firefox-addons-nix": "firefox-addons-nix",
        "flake-parts": [
          "hanekokoro-flake",
          "flake-parts"
        ],
        "hanekokoro-flake": "hanekokoro-flake",
        "home-manager": "home-manager",
        "lanzaboote": "lanzaboote",
        "neovim-overlay": "neovim-overlay",
        "nix-indexdb": "nix-indexdb",
        "nixos-sensible": "nixos-sensible",
        "nixpkgs": [
          "hanekokoro-flake",
          "nixpkgs"
        ],
        "preservation": "preservation",
        "rust-overlay": "rust-overlay",
        "shadowrz": "shadowrz",
        "sops-nix": "sops-nix"
      }
    },
    "rust-overlay": {
      "inputs": {
        "nixpkgs": []
      },
      "locked": {
        "lastModified": 1773889863,
        "narHash": "sha256-tSsmZOHBgq4qfu5MNCAEsKZL1cI4avNLw2oUTXWeb74=",
        "owner": "oxalica",
        "repo": "rust-overlay",
        "rev": "dbfd51be2692cb7022e301d14c139accb4ee63f0",
        "type": "github"
      },
      "original": {
        "owner": "oxalica",
        "repo": "rust-overlay",
        "type": "github"
      }
    },
    "shadowrz": {
      "inputs": {
        "nixpkgs": []
      },
      "locked": {
        "lastModified": 1770776444,
        "narHash": "sha256-tdrfcpJ7qIMmqXcOUDRNybkS6c/2Ls3DPAkxe2QGdOo=",
        "owner": "ShadowRZ",
        "repo": "nur-packages",
        "rev": "a5e1f7965d7f5934d9334033580302dd5a2bbee4",
        "type": "github"
      },
      "original": {
        "owner": "ShadowRZ",
        "repo": "nur-packages",
        "type": "github"
      }
    },
    "sops-nix": {
      "inputs": {
        "nixpkgs": []
      },
      "locked": {
        "lastModified": 1773889674,
        "narHash": "sha256-+ycaiVAk3MEshJTg35cBTUa0MizGiS+bgpYw/f8ohkg=",
        "owner": "Mic92",
        "repo": "sops-nix",
        "rev": "29b6519f3e0780452bca0ac0be4584f04ac16cc5",
        "type": "github"
      },
      "original": {
        "owner": "Mic92",
        "repo": "sops-nix",
        "type": "github"
      }
    }
  },
  "root": "root",
  "version": 7
}
